PODS:
  - Flutter (1.0.0)
  - integration_test (0.0.1):
    - Flutter
  - orientation_lock_checker (0.0.1):
    - Flutter

DEPENDENCIES:
  - Flutter (from `Flutter`)
  - integration_test (from `.symlinks/plugins/integration_test/ios`)
  - orientation_lock_checker (from `.symlinks/plugins/orientation_lock_checker/ios`)

EXTERNAL SOURCES:
  Flutter:
    :path: Flutter
  integration_test:
    :path: ".symlinks/plugins/integration_test/ios"
  orientation_lock_checker:
    :path: ".symlinks/plugins/orientation_lock_checker/ios"

SPEC CHECKSUMS:
  Flutter: f04841e97a9d0b0a8025694d0796dd46242b2854
  integration_test: 13825b8a9334a850581300559b8839134b124670
  orientation_lock_checker: ee19352eb4c8c3ac7718d1ede806d4248be0339a

PODFILE CHECKSUM: ef19549a9bc3046e7bb7d2fab4d021637c0c58a3

COCOAPODS: 1.14.3
